// !$*UTF8*$!
{
	archiveVersion = 1;
	classes = {
	};
	objectVersion = 56;
	objects = {

/* Begin PBXBuildFile section */
		289880FF2CBE0DCE0019CAF0 /* AppDelegate.swift in Sources */ = {isa = PBXBuildFile; fileRef = 289880FE2CBE0DCE0019CAF0 /* AppDelegate.swift */; };
		289881012CBE0DCE0019CAF0 /* SceneDelegate.swift in Sources */ = {isa = PBXBuildFile; fileRef = 289881002CBE0DCE0019CAF0 /* SceneDelegate.swift */; };
		289881032CBE0DCE0019CAF0 /* iniciarSesionViewController.swift in Sources */ = {isa = PBXBuildFile; fileRef = 289881022CBE0DCE0019CAF0 /* iniciarSesionViewController.swift */; };
		289881062CBE0DCE0019CAF0 /* Base in Resources */ = {isa = PBXBuildFile; fileRef = 289881052CBE0DCE0019CAF0 /* Base */; };
		289881082CBE0DCF0019CAF0 /* Assets.xcassets in Resources */ = {isa = PBXBuildFile; fileRef = 289881072CBE0DCF0019CAF0 /* Assets.xcassets */; };
		2898810B2CBE0DCF0019CAF0 /* Base in Resources */ = {isa = PBXBuildFile; fileRef = 2898810A2CBE0DCF0019CAF0 /* Base */; };
		289881132CBE13B00019CAF0 /* GoogleService-Info.plist in Resources */ = {isa = PBXBuildFile; fileRef = 289881122CBE13B00019CAF0 /* GoogleService-Info.plist */; };
		289881162CBE18090019CAF0 /* FirebaseAnalytics in Frameworks */ = {isa = PBXBuildFile; productRef = 289881152CBE18090019CAF0 /* FirebaseAnalytics */; };
		289881182CBE18090019CAF0 /* FirebaseAnalyticsWithoutAdIdSupport in Frameworks */ = {isa = PBXBuildFile; productRef = 289881172CBE18090019CAF0 /* FirebaseAnalyticsWithoutAdIdSupport */; };
		2898811A2CBE18090019CAF0 /* FirebaseAuth in Frameworks */ = {isa = PBXBuildFile; productRef = 289881192CBE18090019CAF0 /* FirebaseAuth */; };
		2898811C2CBE18090019CAF0 /* FirebaseCore in Frameworks */ = {isa = PBXBuildFile; productRef = 2898811B2CBE18090019CAF0 /* FirebaseCore */; };
		2898811E2CBE18090019CAF0 /* FirebaseDatabase in Frameworks */ = {isa = PBXBuildFile; productRef = 2898811D2CBE18090019CAF0 /* FirebaseDatabase */; };
		289881202CBE18090019CAF0 /* FirebaseStorage in Frameworks */ = {isa = PBXBuildFile; productRef = 2898811F2CBE18090019CAF0 /* FirebaseStorage */; };
/* End PBXBuildFile section */

/* Begin PBXFileReference section */
		289880FB2CBE0DCE0019CAF0 /* SuicoSnapchat.app */ = {isa = PBXFileReference; explicitFileType = wrapper.application; includeInIndex = 0; path = SuicoSnapchat.app; sourceTree = BUILT_PRODUCTS_DIR; };
		289880FE2CBE0DCE0019CAF0 /* AppDelegate.swift */ = {isa = PBXFileReference; lastKnownFileType = sourcecode.swift; path = AppDelegate.swift; sourceTree = "<group>"; };
		289881002CBE0DCE0019CAF0 /* SceneDelegate.swift */ = {isa = PBXFileReference; lastKnownFileType = sourcecode.swift; path = SceneDelegate.swift; sourceTree = "<group>"; };
		289881022CBE0DCE0019CAF0 /* iniciarSesionViewController.swift */ = {isa = PBXFileReference; lastKnownFileType = sourcecode.swift; path = iniciarSesionViewController.swift; sourceTree = "<group>"; };
		289881052CBE0DCE0019CAF0 /* Base */ = {isa = PBXFileReference; lastKnownFileType = file.storyboard; name = Base; path = Base.lproj/Main.storyboard; sourceTree = "<group>"; };
		289881072CBE0DCF0019CAF0 /* Assets.xcassets */ = {isa = PBXFileReference; lastKnownFileType = folder.assetcatalog; path = Assets.xcassets; sourceTree = "<group>"; };
		2898810A2CBE0DCF0019CAF0 /* Base */ = {isa = PBXFileReference; lastKnownFileType = file.storyboard; name = Base; path = Base.lproj/LaunchScreen.storyboard; sourceTree = "<group>"; };
		2898810C2CBE0DCF0019CAF0 /* Info.plist */ = {isa = PBXFileReference; lastKnownFileType = text.plist.xml; path = Info.plist; sourceTree = "<group>"; };
		289881122CBE13B00019CAF0 /* GoogleService-Info.plist */ = {isa = PBXFileReference; fileEncoding = 4; lastKnownFileType = text.plist.xml; path = "GoogleService-Info.plist"; sourceTree = "<group>"; };
/* End PBXFileReference section */

/* Begin PBXFrameworksBuildPhase section */
		289880F82CBE0DCE0019CAF0 /* Frameworks */ = {
			isa = PBXFrameworksBuildPhase;
			buildActionMask = 2147483647;
			files = (
				2898811E2CBE18090019CAF0 /* FirebaseDatabase in Frameworks */,
				289881162CBE18090019CAF0 /* FirebaseAnalytics in Frameworks */,
				2898811A2CBE18090019CAF0 /* FirebaseAuth in Frameworks */,
				2898811C2CBE18090019CAF0 /* FirebaseCore in Frameworks */,
				289881182CBE18090019CAF0 /* FirebaseAnalyticsWithoutAdIdSupport in Frameworks */,
				289881202CBE18090019CAF0 /* FirebaseStorage in Frameworks */,
			);
			runOnlyForDeploymentPostprocessing = 0;
		};
/* End PBXFrameworksBuildPhase section */

/* Begin PBXGroup section */
		289880F22CBE0DCE0019CAF0 = {
			isa = PBXGroup;
			children = (
				289880FD2CBE0DCE0019CAF0 /* SuicoSnapchat */,
				289880FC2CBE0DCE0019CAF0 /* Products */,
			);
			sourceTree = "<group>";
		};
		289880FC2CBE0DCE0019CAF0 /* Products */ = {
			isa = PBXGroup;
			children = (
				289880FB2CBE0DCE0019CAF0 /* SuicoSnapchat.app */,
			);
			name = Products;
			sourceTree = "<group>";
		};
		289880FD2CBE0DCE0019CAF0 /* SuicoSnapchat */ = {
			isa = PBXGroup;
			children = (
				289881122CBE13B00019CAF0 /* GoogleService-Info.plist */,
				289880FE2CBE0DCE0019CAF0 /* AppDelegate.swift */,
				289881002CBE0DCE0019CAF0 /* SceneDelegate.swift */,
				289881022CBE0DCE0019CAF0 /* iniciarSesionViewController.swift */,
				289881042CBE0DCE0019CAF0 /* Main.storyboard */,
				289881072CBE0DCF0019CAF0 /* Assets.xcassets */,
				289881092CBE0DCF0019CAF0 /* LaunchScreen.storyboard */,
				2898810C2CBE0DCF0019CAF0 /* Info.plist */,
			);
			path = SuicoSnapchat;
			sourceTree = "<group>";
		};
/* End PBXGroup section */

/* Begin PBXNativeTarget section */
		289880FA2CBE0DCE0019CAF0 /* SuicoSnapchat */ = {
			isa = PBXNativeTarget;
			buildConfigurationList = 2898810F2CBE0DCF0019CAF0 /* Build configuration list for PBXNativeTarget "SuicoSnapchat" */;
			buildPhases = (
				289880F72CBE0DCE0019CAF0 /* Sources */,
				289880F82CBE0DCE0019CAF0 /* Frameworks */,
				289880F92CBE0DCE0019CAF0 /* Resources */,
			);
			buildRules = (
			);
			dependencies = (
			);
			name = SuicoSnapchat;
			packageProductDependencies = (
				289881152CBE18090019CAF0 /* FirebaseAnalytics */,
				289881172CBE18090019CAF0 /* FirebaseAnalyticsWithoutAdIdSupport */,
				289881192CBE18090019CAF0 /* FirebaseAuth */,
				2898811B2CBE18090019CAF0 /* FirebaseCore */,
				2898811D2CBE18090019CAF0 /* FirebaseDatabase */,
				2898811F2CBE18090019CAF0 /* FirebaseStorage */,
			);
			productName = SuicoSnapchat;
			productReference = 289880FB2CBE0DCE0019CAF0 /* SuicoSnapchat.app */;
			productType = "com.apple.product-type.application";
		};
/* End PBXNativeTarget section */

/* Begin PBXProject section */
		289880F32CBE0DCE0019CAF0 /* Project object */ = {
			isa = PBXProject;
			attributes = {
				BuildIndependentTargetsInParallel = 1;
				LastSwiftUpdateCheck = 1540;
				LastUpgradeCheck = 1540;
				TargetAttributes = {
					289880FA2CBE0DCE0019CAF0 = {
						CreatedOnToolsVersion = 15.4;
					};
				};
			};
			buildConfigurationList = 289880F62CBE0DCE0019CAF0 /* Build configuration list for PBXProject "SuicoSnapchat" */;
			compatibilityVersion = "Xcode 14.0";
			developmentRegion = en;
			hasScannedForEncodings = 0;
			knownRegions = (
				en,
				Base,
			);
			mainGroup = 289880F22CBE0DCE0019CAF0;
			packageReferences = (
				289881142CBE18090019CAF0 /* XCRemoteSwiftPackageReference "firebase-ios-sdk" */,
			);
			productRefGroup = 289880FC2CBE0DCE0019CAF0 /* Products */;
			projectDirPath = "";
			projectRoot = "";
			targets = (
				289880FA2CBE0DCE0019CAF0 /* SuicoSnapchat */,
			);
		};
/* End PBXProject section */

/* Begin PBXResourcesBuildPhase section */
		289880F92CBE0DCE0019CAF0 /* Resources */ = {
			isa = PBXResourcesBuildPhase;
			buildActionMask = 2147483647;
			files = (
				289881082CBE0DCF0019CAF0 /* Assets.xcassets in Resources */,
				289881132CBE13B00019CAF0 /* GoogleService-Info.plist in Resources */,
				2898810B2CBE0DCF0019CAF0 /* Base in Resources */,
				289881062CBE0DCE0019CAF0 /* Base in Resources */,
			);
			runOnlyForDeploymentPostprocessing = 0;
		};
/* End PBXResourcesBuildPhase section */

/* Begin PBXSourcesBuildPhase section */
		289880F72CBE0DCE0019CAF0 /* Sources */ = {
			isa = PBXSourcesBuildPhase;
			buildActionMask = 2147483647;
			files = (
				289881032CBE0DCE0019CAF0 /* iniciarSesionViewController.swift in Sources */,
				289880FF2CBE0DCE0019CAF0 /* AppDelegate.swift in Sources */,
				289881012CBE0DCE0019CAF0 /* SceneDelegate.swift in Sources */,
			);
			runOnlyForDeploymentPostprocessing = 0;
		};
/* End PBXSourcesBuildPhase section */

/* Begin PBXVariantGroup section */
		289881042CBE0DCE0019CAF0 /* Main.storyboard */ = {
			isa = PBXVariantGroup;
			children = (
				289881052CBE0DCE0019CAF0 /* Base */,
			);
			name = Main.storyboard;
			sourceTree = "<group>";
		};
		289881092CBE0DCF0019CAF0 /* LaunchScreen.storyboard */ = {
			isa = PBXVariantGroup;
			children = (
				2898810A2CBE0DCF0019CAF0 /* Base */,
			);
			name = LaunchScreen.storyboard;
			sourceTree = "<group>";
		};
/* End PBXVariantGroup section */

/* Begin XCBuildConfiguration section */
		2898810D2CBE0DCF0019CAF0 /* Debug */ = {
			isa = XCBuildConfiguration;
			buildSettings = {
				ALWAYS_SEARCH_USER_PATHS = NO;
				ASSETCATALOG_COMPILER_GENERATE_SWIFT_ASSET_SYMBOL_EXTENSIONS = YES;
				CLANG_ANALYZER_NONNULL = YES;
				CLANG_ANALYZER_NUMBER_OBJECT_CONVERSION = YES_AGGRESSIVE;
				CLANG_CXX_LANGUAGE_STANDARD = "gnu++20";
				CLANG_ENABLE_MODULES = YES;
				CLANG_ENABLE_OBJC_ARC = YES;
				CLANG_ENABLE_OBJC_WEAK = YES;
				CLANG_WARN_BLOCK_CAPTURE_AUTORELEASING = YES;
				CLANG_WARN_BOOL_CONVERSION = YES;
				CLANG_WARN_COMMA = YES;
				CLANG_WARN_CONSTANT_CONVERSION = YES;
				CLANG_WARN_DEPRECATED_OBJC_IMPLEMENTATIONS = YES;
				CLANG_WARN_DIRECT_OBJC_ISA_USAGE = YES_ERROR;
				CLANG_WARN_DOCUMENTATION_COMMENTS = YES;
				CLANG_WARN_EMPTY_BODY = YES;
				CLANG_WARN_ENUM_CONVERSION = YES;
				CLANG_WARN_INFINITE_RECURSION = YES;
				CLANG_WARN_INT_CONVERSION = YES;
				CLANG_WARN_NON_LITERAL_NULL_CONVERSION = YES;
				CLANG_WARN_OBJC_IMPLICIT_RETAIN_SELF = YES;
				CLANG_WARN_OBJC_LITERAL_CONVERSION = YES;
				CLANG_WARN_OBJC_ROOT_CLASS = YES_ERROR;
				CLANG_WARN_QUOTED_INCLUDE_IN_FRAMEWORK_HEADER = YES;
				CLANG_WARN_RANGE_LOOP_ANALYSIS = YES;
				CLANG_WARN_STRICT_PROTOTYPES = YES;
				CLANG_WARN_SUSPICIOUS_MOVE = YES;
				CLANG_WARN_UNGUARDED_AVAILABILITY = YES_AGGRESSIVE;
				CLANG_WARN_UNREACHABLE_CODE = YES;
				CLANG_WARN__DUPLICATE_METHOD_MATCH = YES;
				COPY_PHASE_STRIP = NO;
				DEBUG_INFORMATION_FORMAT = dwarf;
				ENABLE_STRICT_OBJC_MSGSEND = YES;
				ENABLE_TESTABILITY = YES;
				ENABLE_USER_SCRIPT_SANDBOXING = YES;
				GCC_C_LANGUAGE_STANDARD = gnu17;
				GCC_DYNAMIC_NO_PIC = NO;
				GCC_NO_COMMON_BLOCKS = YES;
				GCC_OPTIMIZATION_LEVEL = 0;
				GCC_PREPROCESSOR_DEFINITIONS = (
					"DEBUG=1",
					"$(inherited)",
				);
				GCC_WARN_64_TO_32_BIT_CONVERSION = YES;
				GCC_WARN_ABOUT_RETURN_TYPE = YES_ERROR;
				GCC_WARN_UNDECLARED_SELECTOR = YES;
				GCC_WARN_UNINITIALIZED_AUTOS = YES_AGGRESSIVE;
				GCC_WARN_UNUSED_FUNCTION = YES;
				GCC_WARN_UNUSED_VARIABLE = YES;
				IPHONEOS_DEPLOYMENT_TARGET = 17.5;
				LOCALIZATION_PREFERS_STRING_CATALOGS = YES;
				MTL_ENABLE_DEBUG_INFO = INCLUDE_SOURCE;
				MTL_FAST_MATH = YES;
				ONLY_ACTIVE_ARCH = YES;
				SDKROOT = iphoneos;
				SWIFT_ACTIVE_COMPILATION_CONDITIONS = "DEBUG $(inherited)";
				SWIFT_OPTIMIZATION_LEVEL = "-Onone";
			};
			name = Debug;
		};
		2898810E2CBE0DCF0019CAF0 /* Release */ = {
			isa = XCBuildConfiguration;
			buildSettings = {
				ALWAYS_SEARCH_USER_PATHS = NO;
				ASSETCATALOG_COMPILER_GENERATE_SWIFT_ASSET_SYMBOL_EXTENSIONS = YES;
				CLANG_ANALYZER_NONNULL = YES;
				CLANG_ANALYZER_NUMBER_OBJECT_CONVERSION = YES_AGGRESSIVE;
				CLANG_CXX_LANGUAGE_STANDARD = "gnu++20";
				CLANG_ENABLE_MODULES = YES;
				CLANG_ENABLE_OBJC_ARC = YES;
				CLANG_ENABLE_OBJC_WEAK = YES;
				CLANG_WARN_BLOCK_CAPTURE_AUTORELEASING = YES;
				CLANG_WARN_BOOL_CONVERSION = YES;
				CLANG_WARN_COMMA = YES;
				CLANG_WARN_CONSTANT_CONVERSION = YES;
				CLANG_WARN_DEPRECATED_OBJC_IMPLEMENTATIONS = YES;
				CLANG_WARN_DIRECT_OBJC_ISA_USAGE = YES_ERROR;
				CLANG_WARN_DOCUMENTATION_COMMENTS = YES;
				CLANG_WARN_EMPTY_BODY = YES;
				CLANG_WARN_ENUM_CONVERSION = YES;
				CLANG_WARN_INFINITE_RECURSION = YES;
				CLANG_WARN_INT_CONVERSION = YES;
				CLANG_WARN_NON_LITERAL_NULL_CONVERSION = YES;
				CLANG_WARN_OBJC_IMPLICIT_RETAIN_SELF = YES;
				CLANG_WARN_OBJC_LITERAL_CONVERSION = YES;
				CLANG_WARN_OBJC_ROOT_CLASS = YES_ERROR;
				CLANG_WARN_QUOTED_INCLUDE_IN_FRAMEWORK_HEADER = YES;
				CLANG_WARN_RANGE_LOOP_ANALYSIS = YES;
				CLANG_WARN_STRICT_PROTOTYPES = YES;
				CLANG_WARN_SUSPICIOUS_MOVE = YES;
				CLANG_WARN_UNGUARDED_AVAILABILITY = YES_AGGRESSIVE;
				CLANG_WARN_UNREACHABLE_CODE = YES;
				CLANG_WARN__DUPLICATE_METHOD_MATCH = YES;
				COPY_PHASE_STRIP = NO;
				DEBUG_INFORMATION_FORMAT = "dwarf-with-dsym";
				ENABLE_NS_ASSERTIONS = NO;
				ENABLE_STRICT_OBJC_MSGSEND = YES;
				ENABLE_USER_SCRIPT_SANDBOXING = YES;
				GCC_C_LANGUAGE_STANDARD = gnu17;
				GCC_NO_COMMON_BLOCKS = YES;
				GCC_WARN_64_TO_32_BIT_CONVERSION = YES;
				GCC_WARN_ABOUT_RETURN_TYPE = YES_ERROR;
				GCC_WARN_UNDECLARED_SELECTOR = YES;
				GCC_WARN_UNINITIALIZED_AUTOS = YES_AGGRESSIVE;
				GCC_WARN_UNUSED_FUNCTION = YES;
				GCC_WARN_UNUSED_VARIABLE = YES;
				IPHONEOS_DEPLOYMENT_TARGET = 17.5;
				LOCALIZATION_PREFERS_STRING_CATALOGS = YES;
				MTL_ENABLE_DEBUG_INFO = NO;
				MTL_FAST_MATH = YES;
				SDKROOT = iphoneos;
				SWIFT_COMPILATION_MODE = wholemodule;
				VALIDATE_PRODUCT = YES;
			};
			name = Release;
		};
		289881102CBE0DCF0019CAF0 /* Debug */ = {
			isa = XCBuildConfiguration;
			buildSettings = {
				ASSETCATALOG_COMPILER_APPICON_NAME = AppIcon;
				ASSETCATALOG_COMPILER_GLOBAL_ACCENT_COLOR_NAME = AccentColor;
				CODE_SIGN_STYLE = Automatic;
				CURRENT_PROJECT_VERSION = 1;
				GENERATE_INFOPLIST_FILE = YES;
				INFOPLIST_FILE = SuicoSnapchat/Info.plist;
				INFOPLIST_KEY_UIApplicationSupportsIndirectInputEvents = YES;
				INFOPLIST_KEY_UILaunchStoryboardName = LaunchScreen;
				INFOPLIST_KEY_UIMainStoryboardFile = Main;
				INFOPLIST_KEY_UISupportedInterfaceOrientations_iPad = "UIInterfaceOrientationPortrait UIInterfaceOrientationPortraitUpsideDown UIInterfaceOrientationLandscapeLeft UIInterfaceOrientationLandscapeRight";
				INFOPLIST_KEY_UISupportedInterfaceOrientations_iPhone = "UIInterfaceOrientationPortrait UIInterfaceOrientationLandscapeLeft UIInterfaceOrientationLandscapeRight";
				LD_RUNPATH_SEARCH_PATHS = (
					"$(inherited)",
					"@executable_path/Frameworks",
				);
				MARKETING_VERSION = 1.0;
				PRODUCT_BUNDLE_IDENTIFIER = com.miempresa.SuicoSnapchat;
				PRODUCT_NAME = "$(TARGET_NAME)";
				SWIFT_EMIT_LOC_STRINGS = YES;
				SWIFT_VERSION = 5.0;
				TARGETED_DEVICE_FAMILY = "1,2";
			};
			name = Debug;
		};
		289881112CBE0DCF0019CAF0 /* Release */ = {
			isa = XCBuildConfiguration;
			buildSettings = {
				ASSETCATALOG_COMPILER_APPICON_NAME = AppIcon;
				ASSETCATALOG_COMPILER_GLOBAL_ACCENT_COLOR_NAME = AccentColor;
				CODE_SIGN_STYLE = Automatic;
				CURRENT_PROJECT_VERSION = 1;
				GENERATE_INFOPLIST_FILE = YES;
				INFOPLIST_FILE = SuicoSnapchat/Info.plist;
				INFOPLIST_KEY_UIApplicationSupportsIndirectInputEvents = YES;
				INFOPLIST_KEY_UILaunchStoryboardName = LaunchScreen;
				INFOPLIST_KEY_UIMainStoryboardFile = Main;
				INFOPLIST_KEY_UISupportedInterfaceOrientations_iPad = "UIInterfaceOrientationPortrait UIInterfaceOrientationPortraitUpsideDown UIInterfaceOrientationLandscapeLeft UIInterfaceOrientationLandscapeRight";
				INFOPLIST_KEY_UISupportedInterfaceOrientations_iPhone = "UIInterfaceOrientationPortrait UIInterfaceOrientationLandscapeLeft UIInterfaceOrientationLandscapeRight";
				LD_RUNPATH_SEARCH_PATHS = (
					"$(inherited)",
					"@executable_path/Frameworks",
				);
				MARKETING_VERSION = 1.0;
				PRODUCT_BUNDLE_IDENTIFIER = com.miempresa.SuicoSnapchat;
				PRODUCT_NAME = "$(TARGET_NAME)";
				SWIFT_EMIT_LOC_STRINGS = YES;
				SWIFT_VERSION = 5.0;
				TARGETED_DEVICE_FAMILY = "1,2";
			};
			name = Release;
		};
/* End XCBuildConfiguration section */

/* Begin XCConfigurationList section */
		289880F62CBE0DCE0019CAF0 /* Build configuration list for PBXProject "SuicoSnapchat" */ = {
			isa = XCConfigurationList;
			buildConfigurations = (
				2898810D2CBE0DCF0019CAF0 /* Debug */,
				2898810E2CBE0DCF0019CAF0 /* Release */,
			);
			defaultConfigurationIsVisible = 0;
			defaultConfigurationName = Release;
		};
		2898810F2CBE0DCF0019CAF0 /* Build configuration list for PBXNativeTarget "SuicoSnapchat" */ = {
			isa = XCConfigurationList;
			buildConfigurations = (
				289881102CBE0DCF0019CAF0 /* Debug */,
				289881112CBE0DCF0019CAF0 /* Release */,
			);
			defaultConfigurationIsVisible = 0;
			defaultConfigurationName = Release;
		};
/* End XCConfigurationList section */

/* Begin XCRemoteSwiftPackageReference section */
		289881142CBE18090019CAF0 /* XCRemoteSwiftPackageReference "firebase-ios-sdk" */ = {
			isa = XCRemoteSwiftPackageReference;
			repositoryURL = "https://github.com/firebase/firebase-ios-sdk";
			requirement = {
				kind = versionRange;
				maximumVersion = 12.0.0;
				minimumVersion = 11.3.0;
			};
		};
/* End XCRemoteSwiftPackageReference section */

/* Begin XCSwiftPackageProductDependency section */
		289881152CBE18090019CAF0 /* FirebaseAnalytics */ = {
			isa = XCSwiftPackageProductDependency;
			package = 289881142CBE18090019CAF0 /* XCRemoteSwiftPackageReference "firebase-ios-sdk" */;
			productName = FirebaseAnalytics;
		};
		289881172CBE18090019CAF0 /* FirebaseAnalyticsWithoutAdIdSupport */ = {
			isa = XCSwiftPackageProductDependency;
			package = 289881142CBE18090019CAF0 /* XCRemoteSwiftPackageReference "firebase-ios-sdk" */;
			productName = FirebaseAnalyticsWithoutAdIdSupport;
		};
		289881192CBE18090019CAF0 /* FirebaseAuth */ = {
			isa = XCSwiftPackageProductDependency;
			package = 289881142CBE18090019CAF0 /* XCRemoteSwiftPackageReference "firebase-ios-sdk" */;
			productName = FirebaseAuth;
		};
		2898811B2CBE18090019CAF0 /* FirebaseCore */ = {
			isa = XCSwiftPackageProductDependency;
			package = 289881142CBE18090019CAF0 /* XCRemoteSwiftPackageReference "firebase-ios-sdk" */;
			productName = FirebaseCore;
		};
		2898811D2CBE18090019CAF0 /* FirebaseDatabase */ = {
			isa = XCSwiftPackageProductDependency;
			package = 289881142CBE18090019CAF0 /* XCRemoteSwiftPackageReference "firebase-ios-sdk" */;
			productName = FirebaseDatabase;
		};
		2898811F2CBE18090019CAF0 /* FirebaseStorage */ = {
			isa = XCSwiftPackageProductDependency;
			package = 289881142CBE18090019CAF0 /* XCRemoteSwiftPackageReference "firebase-ios-sdk" */;
			productName = FirebaseStorage;
		};
/* End XCSwiftPackageProductDependency section */
	};
	rootObject = 289880F32CBE0DCE0019CAF0 /* Project object */;
}
